{
  "name": "theia-yaml-extension",
  "version": "0.0.0",
  "lockfileVersion": 1,
  "requires": true,
  "dependencies": {
    "agent-base": {
      "version": "4.2.0",
      "resolved": "https://registry.npmjs.org/agent-base/-/agent-base-4.2.0.tgz",
      "integrity": "sha512-c+R/U5X+2zz2+UCrCFv6odQzJdoqI+YecuhnAJLa1zYaMc13zPfwMwZrr91Pd1DYNo/yPRbiM4WVf9whgwFsIg==",
      "requires": {
        "es6-promisify": "5.0.0"
      }
    },
    "argparse": {
      "version": "1.0.10",
      "resolved": "https://registry.npmjs.org/argparse/-/argparse-1.0.10.tgz",
      "integrity": "sha512-o5Roy6tNG4SL/FOkCAN6RzjiakZS25RLYFrcMttJqbdd8BWrnA+fGz57iN5Pb06pvBGvl5gQ0B48dJlslXvoTg==",
      "requires": {
        "sprintf-js": "1.0.3"
      }
    },
    "debug": {
      "version": "3.1.0",
      "resolved": "https://registry.npmjs.org/debug/-/debug-3.1.0.tgz",
      "integrity": "sha512-OX8XqP7/1a9cqkxYw2yXss15f26NKWBpDXQd0/uK/KPqdQhxbPa994hnzjcE2VqQpDslf55723cKPUOGSmMY3g==",
      "requires": {
        "ms": "2.0.0"
      }
    },
    "deep-equal": {
      "version": "1.0.1",
      "resolved": "https://registry.npmjs.org/deep-equal/-/deep-equal-1.0.1.tgz",
      "integrity": "sha1-9dJgKStmDghO/0zbyfCK0yR0SLU="
    },
    "es6-promise": {
      "version": "4.2.4",
      "resolved": "https://registry.npmjs.org/es6-promise/-/es6-promise-4.2.4.tgz",
      "integrity": "sha512-/NdNZVJg+uZgtm9eS3O6lrOLYmQag2DjdEXuPaHlZ6RuVqgqaVZfgYCepEIKsLqwdQArOPtC3XzRLqGGfT8KQQ=="
    },
    "es6-promisify": {
      "version": "5.0.0",
      "resolved": "https://registry.npmjs.org/es6-promisify/-/es6-promisify-5.0.0.tgz",
      "integrity": "sha1-UQnWLz5W6pZ8S2NQWu8IKRyKUgM=",
      "requires": {
        "es6-promise": "4.2.4"
      }
    },
    "esprima": {
      "version": "4.0.0",
      "resolved": "https://registry.npmjs.org/esprima/-/esprima-4.0.0.tgz",
      "integrity": "sha512-oftTcaMu/EGrEIu904mWteKIv8vMuOgGYo7EhVJJN00R/EED9DCua/xxHRdYnKtcECzVg7xOWhflvJMnqcFZjw=="
    },
    "http-proxy-agent": {
      "version": "2.1.0",
      "resolved": "https://registry.npmjs.org/http-proxy-agent/-/http-proxy-agent-2.1.0.tgz",
      "integrity": "sha512-qwHbBLV7WviBl0rQsOzH6o5lwyOIvwp/BdFnvVxXORldu5TmjFfjzBcWUWS5kWAZhmv+JtiDhSuQCp4sBfbIgg==",
      "requires": {
        "agent-base": "4.2.0",
        "debug": "3.1.0"
      }
    },
    "https-proxy-agent": {
      "version": "2.2.1",
      "resolved": "https://registry.npmjs.org/https-proxy-agent/-/https-proxy-agent-2.2.1.tgz",
      "integrity": "sha512-HPCTS1LW51bcyMYbxUIOO4HEOlQ1/1qRaFWcyxvwaqUS9TY88aoEuHUY33kuAh1YhVVaDQhLZsnPd+XNARWZlQ==",
      "requires": {
        "agent-base": "4.2.0",
        "debug": "3.1.0"
      }
    },
    "js-yaml": {
      "version": "3.12.0",
      "resolved": "https://registry.npmjs.org/js-yaml/-/js-yaml-3.12.0.tgz",
      "integrity": "sha512-PIt2cnwmPfL4hKNwqeiuz4bKfnzHTBv6HyVgjahA6mPLwPDzjDWrplJBMjHUFxku/N3FlmrbyPclad+I+4mJ3A==",
      "requires": {
        "argparse": "1.0.10",
        "esprima": "4.0.0"
      }
    },
    "jsonc-parser": {
      "version": "1.0.3",
      "resolved": "https://registry.npmjs.org/jsonc-parser/-/jsonc-parser-1.0.3.tgz",
      "integrity": "sha512-hk/69oAeaIzchq/v3lS50PXuzn5O2ynldopMC+SWBql7J2WtdptfB9dy8Y7+Og5rPkTCpn83zTiO8FMcqlXJ/g=="
    },
    "ms": {
      "version": "2.0.0",
      "resolved": "https://registry.npmjs.org/ms/-/ms-2.0.0.tgz",
      "integrity": "sha1-VgiurfwAvmwpAd9fmGF4jeDVl8g="
    },
    "request-light": {
      "version": "0.2.3",
      "resolved": "https://registry.npmjs.org/request-light/-/request-light-0.2.3.tgz",
      "integrity": "sha512-KUQTybUtB/WZl7wQGAKenEJkuUX1/DyYX6PJpNEaBVyxE4v6U4Q5P65cmjdKglzcNTGIPZG857JMEAiMWVsoIw==",
      "requires": {
        "http-proxy-agent": "2.1.0",
        "https-proxy-agent": "2.2.1",
        "vscode-nls": "3.2.2"
      }
    },
    "sprintf-js": {
      "version": "1.0.3",
      "resolved": "https://registry.npmjs.org/sprintf-js/-/sprintf-js-1.0.3.tgz",
      "integrity": "sha1-BOaSb2YolTVPPdAVIDYzuFcpfiw="
    },
    "vscode-json-languageservice": {
      "version": "3.0.12",
      "resolved": "https://registry.npmjs.org/vscode-json-languageservice/-/vscode-json-languageservice-3.0.12.tgz",
      "integrity": "sha512-XSgRVY/vsPqOa//ZwLD5DWx1wzTQGgeZfsOlVqFlLya10dpimSnd27kbuL45hzxh4B+MvmHZtZeWQKjSYnNF0A==",
      "requires": {
        "jsonc-parser": "2.0.0",
        "vscode-languageserver-types": "3.8.1",
        "vscode-nls": "3.2.2",
        "vscode-uri": "1.0.3"
      },
      "dependencies": {
        "jsonc-parser": {
          "version": "2.0.0",
          "resolved": "https://registry.npmjs.org/jsonc-parser/-/jsonc-parser-2.0.0.tgz",
          "integrity": "sha512-gYk8VcFDwky0AjrKeJSWgCm/lYGteP9hszGWtgg67Elz4owvhJF9qATjuIRAk5jgBMGM65MPAc+I4RTeoqoykA=="
        }
      }
    },
    "vscode-jsonrpc": {
      "version": "3.6.2",
      "resolved": "https://registry.npmjs.org/vscode-jsonrpc/-/vscode-jsonrpc-3.6.2.tgz",
      "integrity": "sha512-T24Jb5V48e4VgYliUXMnZ379ItbrXgOimweKaJshD84z+8q7ZOZjJan0MeDe+Ugb+uqERDVV8SBmemaGMSMugA=="
    },
    "vscode-languageserver": {
      "version": "4.2.1",
      "resolved": "https://registry.npmjs.org/vscode-languageserver/-/vscode-languageserver-4.2.1.tgz",
      "integrity": "sha512-5WAxaK1nEpe52ZaWNMqmd6rO5CIE72J/7UkGKPUTdGa0l0haWHS69tpRz+LetBlgTpP7PYacl4xhDaLZv82a+g==",
      "requires": {
        "vscode-languageserver-protocol": "3.8.1",
        "vscode-uri": "1.0.3"
      }
    },
    "vscode-languageserver-protocol": {
      "version": "3.8.1",
      "resolved": "https://registry.npmjs.org/vscode-languageserver-protocol/-/vscode-languageserver-protocol-3.8.1.tgz",
      "integrity": "sha512-KdeetvQ2JavRiuE9afNrV5+xJZocj7NGPQwH4kpSFw5cp+0wijv87qgXfSEvmwPUaknhMBoSuSrSIG/LRrzWJQ==",
      "requires": {
        "vscode-jsonrpc": "3.6.2",
        "vscode-languageserver-types": "3.8.1"
      }
    },
    "vscode-languageserver-types": {
      "version": "3.8.1",
      "resolved": "https://registry.npmjs.org/vscode-languageserver-types/-/vscode-languageserver-types-3.8.1.tgz",
      "integrity": "sha512-O8IBrxSBp2AJALIZBwT2Gd6gX67MMtwCwnfzT9T3QynE+dqikoj7x3kOb3fdIjd9hIoAB2yc38XcJJDw8H1cpw=="
    },
    "vscode-nls": {
      "version": "3.2.2",
      "resolved": "https://registry.npmjs.org/vscode-nls/-/vscode-nls-3.2.2.tgz",
      "integrity": "sha512-/Ur1+tgazwd51+ncRyoy0UIu4dvMdVXS9XMUULQlZIBoNGEwOhwEx9x+hHWoUjldMrOQ32t2CGKo0u6D4R6/hg=="
    },
    "vscode-uri": {
      "version": "1.0.3",
      "resolved": "https://registry.npmjs.org/vscode-uri/-/vscode-uri-1.0.3.tgz",
      "integrity": "sha1-Yxvb9xbcyrDmUpGo3CXCMjIIWlI="
    },
    "vscode-yaml-languageservice": {
      "version": "0.2.0",
      "resolved": "https://registry.npmjs.org/vscode-yaml-languageservice/-/vscode-yaml-languageservice-0.2.0.tgz",
      "integrity": "sha512-0u640i1JSTQeXCY0CoiHapnPUJvvv7Ag8sTDdl+zZdnnMSXyxyUFW9751OyFbhKvl/7HGq+JKMgruMnx5WvrbQ==",
      "requires": {
        "js-yaml": "3.12.0",
        "jsonc-parser": "1.0.3",
        "vscode-json-languageservice": "2.0.22",
        "vscode-nls": "2.0.2",
        "yaml-ast-parser": "0.0.34"
      },
      "dependencies": {
        "vscode-json-languageservice": {
          "version": "2.0.22",
          "resolved": "https://registry.npmjs.org/vscode-json-languageservice/-/vscode-json-languageservice-2.0.22.tgz",
          "integrity": "sha1-XnXRQ0t42GFtnAyMysjd997lvMA=",
          "requires": {
            "jsonc-parser": "1.0.3",
            "vscode-languageserver-types": "3.8.1",
            "vscode-nls": "2.0.2",
            "vscode-uri": "1.0.3"
          }
        },
        "vscode-nls": {
          "version": "2.0.2",
          "resolved": "https://registry.npmjs.org/vscode-nls/-/vscode-nls-2.0.2.tgz",
          "integrity": "sha1-gIUiOAhEuK0VNJmvXDsDkhrqAto="
        },
        "yaml-ast-parser": {
          "version": "0.0.34",
          "resolved": "https://registry.npmjs.org/yaml-ast-parser/-/yaml-ast-parser-0.0.34.tgz",
          "integrity": "sha1-0A88+ddztyQUCa6SpnQNHbGfSeY="
        }
      }
    },
    "yaml-ast-parser": {
      "version": "0.0.40",
      "resolved": "https://registry.npmjs.org/yaml-ast-parser/-/yaml-ast-parser-0.0.40.tgz",
      "integrity": "sha1-CFNtTnPTIrHJziB6uN1w4E0grm4="
    },
    "yaml-language-server": {
      "version": "0.0.12",
      "resolved": "https://registry.npmjs.org/yaml-language-server/-/yaml-language-server-0.0.12.tgz",
      "integrity": "sha512-+H9Vys/r6btPHv7/IQRDw9wH1wB1ZtldsGjCkEo5Lrkzow/OVn5rcKO0/pA4EVxjRvC2u7vpSj7bVFZR2mtvcg==",
      "requires": {
        "deep-equal": "1.0.1",
        "js-yaml": "3.12.0",
        "jsonc-parser": "1.0.3",
        "request-light": "0.2.3",
        "vscode-json-languageservice": "3.0.12",
        "vscode-languageserver": "4.2.1",
        "vscode-languageserver-types": "3.8.1",
        "vscode-nls": "3.2.2",
        "vscode-uri": "1.0.3",
        "vscode-yaml-languageservice": "0.2.0",
        "yaml-ast-parser": "0.0.40"
      }
    }
  }
}
